
Microsoft Visual Studio Solution File, Format Version 12.00
# Visual Studio Version 16
VisualStudioVersion = 16.0.33214.272
MinimumVisualStudioVersion = 10.0.40219.1
Project("{8BC9CEB8-8B4A-11D0-8D11-00A0C91BC942}") = "20230531", "20230531\20230531.vcxproj", "{C0576B3F-B48F-4205-9D8A-14E2D1723753}"
EndProject
Project("{8BC9CEB8-8B4A-11D0-8D11-00A0C91BC942}") = "20230531_ver2", "20230531_ver2\20230531_ver2.vcxproj", "{2D88B3DA-2DCF-4A3B-8383-6D274C100E61}"
EndProject
Global
	GlobalSection(SolutionConfigurationPlatforms) = preSolution
		Debug|x64 = Debug|x64
		Debug|x86 = Debug|x86
		Release|x64 = Release|x64
		Release|x86 = Release|x86
	EndGlobalSection
	GlobalSection(ProjectConfigurationPlatforms) = postSolution
		{C0576B3F-B48F-4205-9D8A-14E2D1723753}.Debug|x64.ActiveCfg = Debug|x64
		{C0576B3F-B48F-4205-9D8A-14E2D1723753}.Debug|x64.Build.0 = Debug|x64
		{C0576B3F-B48F-4205-9D8A-14E2D1723753}.Debug|x86.ActiveCfg = Debug|Win32
		{C0576B3F-B48F-4205-9D8A-14E2D1723753}.Debug|x86.Build.0 = Debug|Win32
		{C0576B3F-B48F-4205-9D8A-14E2D1723753}.Release|x64.ActiveCfg = Release|x64
		{C0576B3F-B48F-4205-9D8A-14E2D1723753}.Release|x64.Build.0 = Release|x64
		{C0576B3F-B48F-4205-9D8A-14E2D1723753}.Release|x86.ActiveCfg = Release|Win32
		{C0576B3F-B48F-4205-9D8A-14E2D1723753}.Release|x86.Build.0 = Release|Win32
		{2D88B3DA-2DCF-4A3B-8383-6D274C100E61}.Debug|x64.ActiveCfg = Debug|x64
		{2D88B3DA-2DCF-4A3B-8383-6D274C100E61}.Debug|x64.Build.0 = Debug|x64
		{2D88B3DA-2DCF-4A3B-8383-6D274C100E61}.Debug|x86.ActiveCfg = Debug|Win32
		{2D88B3DA-2DCF-4A3B-8383-6D274C100E61}.Debug|x86.Build.0 = Debug|Win32
		{2D88B3DA-2DCF-4A3B-8383-6D274C100E61}.Release|x64.ActiveCfg = Release|x64
		{2D88B3DA-2DCF-4A3B-8383-6D274C100E61}.Release|x64.Build.0 = Release|x64
		{2D88B3DA-2DCF-4A3B-8383-6D274C100E61}.Release|x86.ActiveCfg = Release|Win32
		{2D88B3DA-2DCF-4A3B-8383-6D274C100E61}.Release|x86.Build.0 = Release|Win32
	EndGlobalSection
	GlobalSection(SolutionProperties) = preSolution
		HideSolutionNode = FALSE
	EndGlobalSection
	GlobalSection(ExtensibilityGlobals) = postSolution
		SolutionGuid = {DFA7EF39-B8D5-45D2-8E1A-E44D7C5BAF40}
	EndGlobalSection
EndGlobal
